// !$*UTF8*$!
{
	archiveVersion = 1;
	classes = {
	};
	objectVersion = 50;
	objects = {

/* Begin PBXBuildFile section */
		C190F8162316EA1A0067C28B /* AppDelegate.swift in Sources */ = {isa = PBXBuildFile; fileRef = C190F8152316EA1A0067C28B /* AppDelegate.swift */; };
		C190F8182316EA1A0067C28B /* AppFlipViewController.swift in Sources */ = {isa = PBXBuildFile; fileRef = C190F8172316EA1A0067C28B /* AppFlipViewController.swift */; };
		C190F81B2316EA1A0067C28B /* Main.storyboard in Resources */ = {isa = PBXBuildFile; fileRef = C190F8192316EA1A0067C28B /* Main.storyboard */; };
		C190F81D2316EA1B0067C28B /* Assets.xcassets in Resources */ = {isa = PBXBuildFile; fileRef = C190F81C2316EA1B0067C28B /* Assets.xcassets */; };
		C190F8202316EA1B0067C28B /* LaunchScreen.storyboard in Resources */ = {isa = PBXBuildFile; fileRef = C190F81E2316EA1B0067C28B /* LaunchScreen.storyboard */; };
/* End PBXBuildFile section */

/* Begin PBXFileReference section */
		C190F8122316EA1A0067C28B /* AppFlip-Sample-iOS.app */ = {isa = PBXFileReference; explicitFileType = wrapper.application; includeInIndex = 0; path = "AppFlip-Sample-iOS.app"; sourceTree = BUILT_PRODUCTS_DIR; };
		C190F8152316EA1A0067C28B /* AppDelegate.swift */ = {isa = PBXFileReference; lastKnownFileType = sourcecode.swift; path = AppDelegate.swift; sourceTree = "<group>"; };
		C190F8172316EA1A0067C28B /* AppFlipViewController.swift */ = {isa = PBXFileReference; lastKnownFileType = sourcecode.swift; path = AppFlipViewController.swift; sourceTree = "<group>"; };
		C190F81A2316EA1A0067C28B /* Base */ = {isa = PBXFileReference; lastKnownFileType = file.storyboard; name = Base; path = Base.lproj/Main.storyboard; sourceTree = "<group>"; };
		C190F81C2316EA1B0067C28B /* Assets.xcassets */ = {isa = PBXFileReference; lastKnownFileType = folder.assetcatalog; path = Assets.xcassets; sourceTree = "<group>"; };
		C190F81F2316EA1B0067C28B /* Base */ = {isa = PBXFileReference; lastKnownFileType = file.storyboard; name = Base; path = Base.lproj/LaunchScreen.storyboard; sourceTree = "<group>"; };
		C190F8212316EA1B0067C28B /* Info.plist */ = {isa = PBXFileReference; lastKnownFileType = text.plist.xml; path = Info.plist; sourceTree = "<group>"; };
		C190F8272316EAE50067C28B /* AppFlip-Sample-iOS.entitlements */ = {isa = PBXFileReference; lastKnownFileType = text.plist.entitlements; path = "AppFlip-Sample-iOS.entitlements"; sourceTree = "<group>"; };
/* End PBXFileReference section */

/* Begin PBXFrameworksBuildPhase section */
		C190F80F2316EA1A0067C28B /* Frameworks */ = {
			isa = PBXFrameworksBuildPhase;
			buildActionMask = 2147483647;
			files = (
			);
			runOnlyForDeploymentPostprocessing = 0;
		};
/* End PBXFrameworksBuildPhase section */

/* Begin PBXGroup section */
		C190F8092316EA1A0067C28B = {
			isa = PBXGroup;
			children = (
				C190F8142316EA1A0067C28B /* AppFlip-Sample-iOS */,
				C190F8132316EA1A0067C28B /* Products */,
			);
			sourceTree = "<group>";
		};
		C190F8132316EA1A0067C28B /* Products */ = {
			isa = PBXGroup;
			children = (
				C190F8122316EA1A0067C28B /* AppFlip-Sample-iOS.app */,
			);
			name = Products;
			sourceTree = "<group>";
		};
		C190F8142316EA1A0067C28B /* AppFlip-Sample-iOS */ = {
			isa = PBXGroup;
			children = (
				C190F8272316EAE50067C28B /* AppFlip-Sample-iOS.entitlements */,
				C190F8152316EA1A0067C28B /* AppDelegate.swift */,
				C190F8172316EA1A0067C28B /* AppFlipViewController.swift */,
				C190F8192316EA1A0067C28B /* Main.storyboard */,
				C190F81C2316EA1B0067C28B /* Assets.xcassets */,
				C190F81E2316EA1B0067C28B /* LaunchScreen.storyboard */,
				C190F8212316EA1B0067C28B /* Info.plist */,
			);
			path = "AppFlip-Sample-iOS";
			sourceTree = "<group>";
		};
/* End PBXGroup section */

/* Begin PBXNativeTarget section */
		C190F8112316EA1A0067C28B /* AppFlip-Sample-iOS */ = {
			isa = PBXNativeTarget;
			buildConfigurationList = C190F8242316EA1B0067C28B /* Build configuration list for PBXNativeTarget "AppFlip-Sample-iOS" */;
			buildPhases = (
				C190F80E2316EA1A0067C28B /* Sources */,
				C190F80F2316EA1A0067C28B /* Frameworks */,
				C190F8102316EA1A0067C28B /* Resources */,
			);
			buildRules = (
			);
			dependencies = (
			);
			name = "AppFlip-Sample-iOS";
			productName = "AppFlip-Sample-iOS";
			productReference = C190F8122316EA1A0067C28B /* AppFlip-Sample-iOS.app */;
			productType = "com.apple.product-type.application";
		};
/* End PBXNativeTarget section */

/* Begin PBXProject section */
		C190F80A2316EA1A0067C28B /* Project object */ = {
			isa = PBXProject;
			attributes = {
				LastSwiftUpdateCheck = 1020;
				LastUpgradeCheck = 1020;
				ORGANIZATIONNAME = "Jerry Lee";
				TargetAttributes = {
					C190F8112316EA1A0067C28B = {
						CreatedOnToolsVersion = 10.2;
						SystemCapabilities = {
							com.apple.SafariKeychain = {
								enabled = 1;
							};
						};
					};
				};
			};
			buildConfigurationList = C190F80D2316EA1A0067C28B /* Build configuration list for PBXProject "AppFlip-Sample-iOS" */;
			compatibilityVersion = "Xcode 9.3";
			developmentRegion = en;
			hasScannedForEncodings = 0;
			knownRegions = (
				en,
				Base,
			);
			mainGroup = C190F8092316EA1A0067C28B;
			productRefGroup = C190F8132316EA1A0067C28B /* Products */;
			projectDirPath = "";
			projectRoot = "";
			targets = (
				C190F8112316EA1A0067C28B /* AppFlip-Sample-iOS */,
			);
		};
/* End PBXProject section */

/* Begin PBXResourcesBuildPhase section */
		C190F8102316EA1A0067C28B /* Resources */ = {
			isa = PBXResourcesBuildPhase;
			buildActionMask = 2147483647;
			files = (
				C190F8202316EA1B0067C28B /* LaunchScreen.storyboard in Resources */,
				C190F81D2316EA1B0067C28B /* Assets.xcassets in Resources */,
				C190F81B2316EA1A0067C28B /* Main.storyboard in Resources */,
			);
			runOnlyForDeploymentPostprocessing = 0;
		};
/* End PBXResourcesBuildPhase section */

/* Begin PBXSourcesBuildPhase section */
		C190F80E2316EA1A0067C28B /* Sources */ = {
			isa = PBXSourcesBuildPhase;
			buildActionMask = 2147483647;
			files = (
				C190F8182316EA1A0067C28B /* AppFlipViewController.swift in Sources */,
				C190F8162316EA1A0067C28B /* AppDelegate.swift in Sources */,
			);
			runOnlyForDeploymentPostprocessing = 0;
		};
/* End PBXSourcesBuildPhase section */

/* Begin PBXVariantGroup section */
		C190F8192316EA1A0067C28B /* Main.storyboard */ = {
			isa = PBXVariantGroup;
			children = (
				C190F81A2316EA1A0067C28B /* Base */,
			);
			name = Main.storyboard;
			sourceTree = "<group>";
		};
		C190F81E2316EA1B0067C28B /* LaunchScreen.storyboard */ = {
			isa = PBXVariantGroup;
			children = (
				C190F81F2316EA1B0067C28B /* Base */,
			);
			name = LaunchScreen.storyboard;
			sourceTree = "<group>";
		};
/* End PBXVariantGroup section */

/* Begin XCBuildConfiguration section */
		C190F8222316EA1B0067C28B /* Debug */ = {
			isa = XCBuildConfiguration;
			buildSettings = {
				ALWAYS_SEARCH_USER_PATHS = NO;
				CLANG_ANALYZER_NONNULL = YES;
				CLANG_ANALYZER_NUMBER_OBJECT_CONVERSION = YES_AGGRESSIVE;
				CLANG_CXX_LANGUAGE_STANDARD = "gnu++14";
				CLANG_CXX_LIBRARY = "libc++";
				CLANG_ENABLE_MODULES = YES;
				CLANG_ENABLE_OBJC_ARC = YES;
				CLANG_ENABLE_OBJC_WEAK = YES;
				CLANG_WARN_BLOCK_CAPTURE_AUTORELEASING = YES;
				CLANG_WARN_BOOL_CONVERSION = YES;
				CLANG_WARN_COMMA = YES;
				CLANG_WARN_CONSTANT_CONVERSION = YES;
				CLANG_WARN_DEPRECATED_OBJC_IMPLEMENTATIONS = YES;
				CLANG_WARN_DIRECT_OBJC_ISA_USAGE = YES_ERROR;
				CLANG_WARN_DOCUMENTATION_COMMENTS = YES;
				CLANG_WARN_EMPTY_BODY = YES;
				CLANG_WARN_ENUM_CONVERSION = YES;
				CLANG_WARN_INFINITE_RECURSION = YES;
				CLANG_WARN_INT_CONVERSION = YES;
				CLANG_WARN_NON_LITERAL_NULL_CONVERSION = YES;
				CLANG_WARN_OBJC_IMPLICIT_RETAIN_SELF = YES;
				CLANG_WARN_OBJC_LITERAL_CONVERSION = YES;
				CLANG_WARN_OBJC_ROOT_CLASS = YES_ERROR;
				CLANG_WARN_RANGE_LOOP_ANALYSIS = YES;
				CLANG_WARN_STRICT_PROTOTYPES = YES;
				CLANG_WARN_SUSPICIOUS_MOVE = YES;
				CLANG_WARN_UNGUARDED_AVAILABILITY = YES_AGGRESSIVE;
				CLANG_WARN_UNREACHABLE_CODE = YES;
				CLANG_WARN__DUPLICATE_METHOD_MATCH = YES;
				CODE_SIGN_IDENTITY = "iPhone Developer";
				COPY_PHASE_STRIP = NO;
				DEBUG_INFORMATION_FORMAT = dwarf;
				ENABLE_STRICT_OBJC_MSGSEND = YES;
				ENABLE_TESTABILITY = YES;
				GCC_C_LANGUAGE_STANDARD = gnu11;
				GCC_DYNAMIC_NO_PIC = NO;
				GCC_NO_COMMON_BLOCKS = YES;
				GCC_OPTIMIZATION_LEVEL = 0;
				GCC_PREPROCESSOR_DEFINITIONS = (
					"DEBUG=1",
					"$(inherited)",
				);
				GCC_WARN_64_TO_32_BIT_CONVERSION = YES;
				GCC_WARN_ABOUT_RETURN_TYPE = YES_ERROR;
				GCC_WARN_UNDECLARED_SELECTOR = YES;
				GCC_WARN_UNINITIALIZED_AUTOS = YES_AGGRESSIVE;
				GCC_WARN_UNUSED_FUNCTION = YES;
				GCC_WARN_UNUSED_VARIABLE = YES;
				IPHONEOS_DEPLOYMENT_TARGET = 12.2;
				MTL_ENABLE_DEBUG_INFO = INCLUDE_SOURCE;
				MTL_FAST_MATH = YES;
				ONLY_ACTIVE_ARCH = YES;
				SDKROOT = iphoneos;
				SWIFT_ACTIVE_COMPILATION_CONDITIONS = DEBUG;
				SWIFT_OPTIMIZATION_LEVEL = "-Onone";
			};
			name = Debug;
		};
		C190F8232316EA1B0067C28B /* Release */ = {
			isa = XCBuildConfiguration;
			buildSettings = {
				ALWAYS_SEARCH_USER_PATHS = NO;
				CLANG_ANALYZER_NONNULL = YES;
				CLANG_ANALYZER_NUMBER_OBJECT_CONVERSION = YES_AGGRESSIVE;
				CLANG_CXX_LANGUAGE_STANDARD = "gnu++14";
				CLANG_CXX_LIBRARY = "libc++";
				CLANG_ENABLE_MODULES = YES;
				CLANG_ENABLE_OBJC_ARC = YES;
				CLANG_ENABLE_OBJC_WEAK = YES;
				CLANG_WARN_BLOCK_CAPTURE_AUTORELEASING = YES;
				CLANG_WARN_BOOL_CONVERSION = YES;
				CLANG_WARN_COMMA = YES;
				CLANG_WARN_CONSTANT_CONVERSION = YES;
				CLANG_WARN_DEPRECATED_OBJC_IMPLEMENTATIONS = YES;
				CLANG_WARN_DIRECT_OBJC_ISA_USAGE = YES_ERROR;
				CLANG_WARN_DOCUMENTATION_COMMENTS = YES;
				CLANG_WARN_EMPTY_BODY = YES;
				CLANG_WARN_ENUM_CONVERSION = YES;
				CLANG_WARN_INFINITE_RECURSION = YES;
				CLANG_WARN_INT_CONVERSION = YES;
				CLANG_WARN_NON_LITERAL_NULL_CONVERSION = YES;
				CLANG_WARN_OBJC_IMPLICIT_RETAIN_SELF = YES;
				CLANG_WARN_OBJC_LITERAL_CONVERSION = YES;
				CLANG_WARN_OBJC_ROOT_CLASS = YES_ERROR;
				CLANG_WARN_RANGE_LOOP_ANALYSIS = YES;
				CLANG_WARN_STRICT_PROTOTYPES = YES;
				CLANG_WARN_SUSPICIOUS_MOVE = YES;
				CLANG_WARN_UNGUARDED_AVAILABILITY = YES_AGGRESSIVE;
				CLANG_WARN_UNREACHABLE_CODE = YES;
				CLANG_WARN__DUPLICATE_METHOD_MATCH = YES;
				CODE_SIGN_IDENTITY = "iPhone Developer";
				COPY_PHASE_STRIP = NO;
				DEBUG_INFORMATION_FORMAT = "dwarf-with-dsym";
				ENABLE_NS_ASSERTIONS = NO;
				ENABLE_STRICT_OBJC_MSGSEND = YES;
				GCC_C_LANGUAGE_STANDARD = gnu11;
				GCC_NO_COMMON_BLOCKS = YES;
				GCC_WARN_64_TO_32_BIT_CONVERSION = YES;
				GCC_WARN_ABOUT_RETURN_TYPE = YES_ERROR;
				GCC_WARN_UNDECLARED_SELECTOR = YES;
				GCC_WARN_UNINITIALIZED_AUTOS = YES_AGGRESSIVE;
				GCC_WARN_UNUSED_FUNCTION = YES;
				GCC_WARN_UNUSED_VARIABLE = YES;
				IPHONEOS_DEPLOYMENT_TARGET = 12.2;
				MTL_ENABLE_DEBUG_INFO = NO;
				MTL_FAST_MATH = YES;
				SDKROOT = iphoneos;
				SWIFT_COMPILATION_MODE = wholemodule;
				SWIFT_OPTIMIZATION_LEVEL = "-O";
				VALIDATE_PRODUCT = YES;
			};
			name = Release;
		};
		C190F8252316EA1B0067C28B /* Debug */ = {
			isa = XCBuildConfiguration;
			buildSettings = {
				ASSETCATALOG_COMPILER_APPICON_NAME = AppIcon;
				CODE_SIGN_ENTITLEMENTS = "AppFlip-Sample-iOS/AppFlip-Sample-iOS.entitlements";
				CODE_SIGN_STYLE = Manual;
				DEVELOPMENT_TEAM = EQHXZ8M8AV;
				INFOPLIST_FILE = "AppFlip-Sample-iOS/Info.plist";
				IPHONEOS_DEPLOYMENT_TARGET = 10.0;
				LD_RUNPATH_SEARCH_PATHS = (
					"$(inherited)",
					"@executable_path/Frameworks",
				);
				PRODUCT_BUNDLE_IDENTIFIER = com.google.experimental0.dev;
				PRODUCT_NAME = "$(TARGET_NAME)";
				PROVISIONING_PROFILE_SPECIFIER = "Experimental App 0 Dev";
				SWIFT_VERSION = 4.0;
				TARGETED_DEVICE_FAMILY = "1,2";
			};
			name = Debug;
		};
		C190F8262316EA1B0067C28B /* Release */ = {
			isa = XCBuildConfiguration;
			buildSettings = {
				ASSETCATALOG_COMPILER_APPICON_NAME = AppIcon;
				CODE_SIGN_ENTITLEMENTS = "AppFlip-Sample-iOS/AppFlip-Sample-iOS.entitlements";
				CODE_SIGN_STYLE = Manual;
				DEVELOPMENT_TEAM = EQHXZ8M8AV;
				INFOPLIST_FILE = "AppFlip-Sample-iOS/Info.plist";
				IPHONEOS_DEPLOYMENT_TARGET = 10.0;
				LD_RUNPATH_SEARCH_PATHS = (
					"$(inherited)",
					"@executable_path/Frameworks",
				);
				PRODUCT_BUNDLE_IDENTIFIER = com.google.experimental0.dev;
				PRODUCT_NAME = "$(TARGET_NAME)";
				PROVISIONING_PROFILE_SPECIFIER = "Experimental App 0 Dev";
				SWIFT_VERSION = 4.0;
				TARGETED_DEVICE_FAMILY = "1,2";
			};
			name = Release;
		};
/* End XCBuildConfiguration section */

/* Begin XCConfigurationList section */
		C190F80D2316EA1A0067C28B /* Build configuration list for PBXProject "AppFlip-Sample-iOS" */ = {
			isa = XCConfigurationList;
			buildConfigurations = (
				C190F8222316EA1B0067C28B /* Debug */,
				C190F8232316EA1B0067C28B /* Release */,
			);
			defaultConfigurationIsVisible = 0;
			defaultConfigurationName = Release;
		};
		C190F8242316EA1B0067C28B /* Build configuration list for PBXNativeTarget "AppFlip-Sample-iOS" */ = {
			isa = XCConfigurationList;
			buildConfigurations = (
				C190F8252316EA1B0067C28B /* Debug */,
				C190F8262316EA1B0067C28B /* Release */,
			);
			defaultConfigurationIsVisible = 0;
			defaultConfigurationName = Release;
		};
/* End XCConfigurationList section */
	};
	rootObject = C190F80A2316EA1A0067C28B /* Project object */;
}
